
Microsoft Visual Studio Solution File, Format Version 12.00
# Visual Studio Version 17
VisualStudioVersion = 17.12.35527.113
MinimumVisualStudioVersion = 10.0.40219.1
Project("{FAE04EC0-301F-11D3-BF4B-00C04F79EFBC}") = "Route C#", "Route C#\Route C#.csproj", "{EF56CFA9-0880-4281-ACFA-D4D85F2A1BF6}"
EndProject
Project("{FAE04EC0-301F-11D3-BF4B-00C04F79EFBC}") = "DEMO 05", "DEMO 05\DEMO 05.csproj", "{A5BDF4F7-5BC9-4341-BB60-E3CBC8682ADF}"
EndProject
Project("{FAE04EC0-301F-11D3-BF4B-00C04F79EFBC}") = "OOP Demo 01", "OOP Demo 01\OOP Demo 01.csproj", "{51D7D6FF-EBDA-4DEB-B61A-7A73D087E4FB}"
EndProject
Project("{FAE04EC0-301F-11D3-BF4B-00C04F79EFBC}") = "OOP Demo 02", "OOP Demo 02\OOP Demo 02.csproj", "{22D75264-D330-4182-AE47-FF7BC0FC0923}"
EndProject
Global
	GlobalSection(SolutionConfigurationPlatforms) = preSolution
		Debug|Any CPU = Debug|Any CPU
		Release|Any CPU = Release|Any CPU
	EndGlobalSection
	GlobalSection(ProjectConfigurationPlatforms) = postSolution
		{EF56CFA9-0880-4281-ACFA-D4D85F2A1BF6}.Debug|Any CPU.ActiveCfg = Debug|Any CPU
		{EF56CFA9-0880-4281-ACFA-D4D85F2A1BF6}.Debug|Any CPU.Build.0 = Debug|Any CPU
		{EF56CFA9-0880-4281-ACFA-D4D85F2A1BF6}.Release|Any CPU.ActiveCfg = Release|Any CPU
		{EF56CFA9-0880-4281-ACFA-D4D85F2A1BF6}.Release|Any CPU.Build.0 = Release|Any CPU
		{A5BDF4F7-5BC9-4341-BB60-E3CBC8682ADF}.Debug|Any CPU.ActiveCfg = Debug|Any CPU
		{A5BDF4F7-5BC9-4341-BB60-E3CBC8682ADF}.Debug|Any CPU.Build.0 = Debug|Any CPU
		{A5BDF4F7-5BC9-4341-BB60-E3CBC8682ADF}.Release|Any CPU.ActiveCfg = Release|Any CPU
		{A5BDF4F7-5BC9-4341-BB60-E3CBC8682ADF}.Release|Any CPU.Build.0 = Release|Any CPU
		{51D7D6FF-EBDA-4DEB-B61A-7A73D087E4FB}.Debug|Any CPU.ActiveCfg = Debug|Any CPU
		{51D7D6FF-EBDA-4DEB-B61A-7A73D087E4FB}.Debug|Any CPU.Build.0 = Debug|Any CPU
		{51D7D6FF-EBDA-4DEB-B61A-7A73D087E4FB}.Release|Any CPU.ActiveCfg = Release|Any CPU
		{51D7D6FF-EBDA-4DEB-B61A-7A73D087E4FB}.Release|Any CPU.Build.0 = Release|Any CPU
		{22D75264-D330-4182-AE47-FF7BC0FC0923}.Debug|Any CPU.ActiveCfg = Debug|Any CPU
		{22D75264-D330-4182-AE47-FF7BC0FC0923}.Debug|Any CPU.Build.0 = Debug|Any CPU
		{22D75264-D330-4182-AE47-FF7BC0FC0923}.Release|Any CPU.ActiveCfg = Release|Any CPU
		{22D75264-D330-4182-AE47-FF7BC0FC0923}.Release|Any CPU.Build.0 = Release|Any CPU
	EndGlobalSection
	GlobalSection(SolutionProperties) = preSolution
		HideSolutionNode = FALSE
	EndGlobalSection
EndGlobal
